Microsoft Visual Studio Solution File, Format Version 12.00
# Visual Studio Version 17
VisualStudioVersion = 17.5.2.0
MinimumVisualStudioVersion = 10.0.40219.1
Project("{FAE04EC0-301F-11D3-BF4B-00C04F79EFBC}") = "BookQuoteAPI", "BookQuoteAPI\BookQuoteAPI.csproj", "{02855448-D16E-7A5B-FC18-591DA5B3467D}"
EndProject
Global
	GlobalSection(SolutionConfigurationPlatforms) = preSolution
		Debug|Any CPU = Debug|Any CPU
		Release|Any CPU = Release|Any CPU
	EndGlobalSection
	GlobalSection(ProjectConfigurationPlatforms) = postSolution
		{02855448-D16E-7A5B-FC18-591DA5B3467D}.Debug|Any CPU.ActiveCfg = Debug|Any CPU
		{02855448-D16E-7A5B-FC18-591DA5B3467D}.Debug|Any CPU.Build.0 = Debug|Any CPU
		{02855448-D16E-7A5B-FC18-591DA5B3467D}.Release|Any CPU.ActiveCfg = Release|Any CPU
		{02855448-D16E-7A5B-FC18-591DA5B3467D}.Release|Any CPU.Build.0 = Release|Any CPU
	EndGlobalSection
	GlobalSection(SolutionProperties) = preSolution
		HideSolutionNode = FALSE
	EndGlobalSection
	GlobalSection(ExtensibilityGlobals) = postSolution
		SolutionGuid = {012AE570-ACA5-4894-BDDC-341B203B2667}
	EndGlobalSection
EndGlobal
